// !$*UTF8*$!
{
	archiveVersion = 1;
	classes = {
	};
	objectVersion = 55;
	objects = {

/* Begin PBXBuildFile section */
		A1566F49280354FC00500F98 /* EssentialNavigationAppApp.swift in Sources */ = {isa = PBXBuildFile; fileRef = A1566F48280354FC00500F98 /* EssentialNavigationAppApp.swift */; };
		A1566F4B280354FC00500F98 /* ContentView.swift in Sources */ = {isa = PBXBuildFile; fileRef = A1566F4A280354FC00500F98 /* ContentView.swift */; };
		A1566F4D280354FC00500F98 /* Assets.xcassets in Resources */ = {isa = PBXBuildFile; fileRef = A1566F4C280354FC00500F98 /* Assets.xcassets */; };
		A1566F50280354FC00500F98 /* Preview Assets.xcassets in Resources */ = {isa = PBXBuildFile; fileRef = A1566F4F280354FC00500F98 /* Preview Assets.xcassets */; };
		A1566F5A280354FD00500F98 /* EssentialNavigationAppTests.swift in Sources */ = {isa = PBXBuildFile; fileRef = A1566F59280354FD00500F98 /* EssentialNavigationAppTests.swift */; };
		A1566F64280354FD00500F98 /* EssentialNavigationAppUITests.swift in Sources */ = {isa = PBXBuildFile; fileRef = A1566F63280354FD00500F98 /* EssentialNavigationAppUITests.swift */; };
		A1566F7428036D1000500F98 /* InfoView.swift in Sources */ = {isa = PBXBuildFile; fileRef = A1566F7328036D1000500F98 /* InfoView.swift */; };
		A1566F7628036FE700500F98 /* KeysListView.swift in Sources */ = {isa = PBXBuildFile; fileRef = A1566F7528036FE700500F98 /* KeysListView.swift */; };
		A1566F7828036FF900500F98 /* DoorsListView.swift in Sources */ = {isa = PBXBuildFile; fileRef = A1566F7728036FF900500F98 /* DoorsListView.swift */; };
		A1566F7A2803702D00500F98 /* RegisterView.swift in Sources */ = {isa = PBXBuildFile; fileRef = A1566F792803702D00500F98 /* RegisterView.swift */; };
		A1566F7C2803795500500F98 /* SubmitRegistrationCodeView.swift in Sources */ = {isa = PBXBuildFile; fileRef = A1566F7B2803795500500F98 /* SubmitRegistrationCodeView.swift */; };
		A1566F7E280380B500500F98 /* RequestRegistrationCodeView.swift in Sources */ = {isa = PBXBuildFile; fileRef = A1566F7D280380B500500F98 /* RequestRegistrationCodeView.swift */; };
/* End PBXBuildFile section */

/* Begin PBXContainerItemProxy section */
		A1566F56280354FD00500F98 /* PBXContainerItemProxy */ = {
			isa = PBXContainerItemProxy;
			containerPortal = A1566F3D280354FB00500F98 /* Project object */;
			proxyType = 1;
			remoteGlobalIDString = A1566F44280354FB00500F98;
			remoteInfo = EssentialNavigationApp;
		};
		A1566F60280354FD00500F98 /* PBXContainerItemProxy */ = {
			isa = PBXContainerItemProxy;
			containerPortal = A1566F3D280354FB00500F98 /* Project object */;
			proxyType = 1;
			remoteGlobalIDString = A1566F44280354FB00500F98;
			remoteInfo = EssentialNavigationApp;
		};
/* End PBXContainerItemProxy section */

/* Begin PBXFileReference section */
		A1566F45280354FC00500F98 /* EssentialNavigationApp.app */ = {isa = PBXFileReference; explicitFileType = wrapper.application; includeInIndex = 0; path = EssentialNavigationApp.app; sourceTree = BUILT_PRODUCTS_DIR; };
		A1566F48280354FC00500F98 /* EssentialNavigationAppApp.swift */ = {isa = PBXFileReference; lastKnownFileType = sourcecode.swift; path = EssentialNavigationAppApp.swift; sourceTree = "<group>"; };
		A1566F4A280354FC00500F98 /* ContentView.swift */ = {isa = PBXFileReference; lastKnownFileType = sourcecode.swift; path = ContentView.swift; sourceTree = "<group>"; };
		A1566F4C280354FC00500F98 /* Assets.xcassets */ = {isa = PBXFileReference; lastKnownFileType = folder.assetcatalog; path = Assets.xcassets; sourceTree = "<group>"; };
		A1566F4F280354FC00500F98 /* Preview Assets.xcassets */ = {isa = PBXFileReference; lastKnownFileType = folder.assetcatalog; path = "Preview Assets.xcassets"; sourceTree = "<group>"; };
		A1566F55280354FD00500F98 /* EssentialNavigationAppTests.xctest */ = {isa = PBXFileReference; explicitFileType = wrapper.cfbundle; includeInIndex = 0; path = EssentialNavigationAppTests.xctest; sourceTree = BUILT_PRODUCTS_DIR; };
		A1566F59280354FD00500F98 /* EssentialNavigationAppTests.swift */ = {isa = PBXFileReference; lastKnownFileType = sourcecode.swift; path = EssentialNavigationAppTests.swift; sourceTree = "<group>"; };
		A1566F5F280354FD00500F98 /* EssentialNavigationAppUITests.xctest */ = {isa = PBXFileReference; explicitFileType = wrapper.cfbundle; includeInIndex = 0; path = EssentialNavigationAppUITests.xctest; sourceTree = BUILT_PRODUCTS_DIR; };
		A1566F63280354FD00500F98 /* EssentialNavigationAppUITests.swift */ = {isa = PBXFileReference; lastKnownFileType = sourcecode.swift; path = EssentialNavigationAppUITests.swift; sourceTree = "<group>"; };
		A1566F7328036D1000500F98 /* InfoView.swift */ = {isa = PBXFileReference; lastKnownFileType = sourcecode.swift; path = InfoView.swift; sourceTree = "<group>"; };
		A1566F7528036FE700500F98 /* KeysListView.swift */ = {isa = PBXFileReference; lastKnownFileType = sourcecode.swift; path = KeysListView.swift; sourceTree = "<group>"; };
		A1566F7728036FF900500F98 /* DoorsListView.swift */ = {isa = PBXFileReference; lastKnownFileType = sourcecode.swift; path = DoorsListView.swift; sourceTree = "<group>"; };
		A1566F792803702D00500F98 /* RegisterView.swift */ = {isa = PBXFileReference; lastKnownFileType = sourcecode.swift; path = RegisterView.swift; sourceTree = "<group>"; };
		A1566F7B2803795500500F98 /* SubmitRegistrationCodeView.swift */ = {isa = PBXFileReference; lastKnownFileType = sourcecode.swift; path = SubmitRegistrationCodeView.swift; sourceTree = "<group>"; };
		A1566F7D280380B500500F98 /* RequestRegistrationCodeView.swift */ = {isa = PBXFileReference; lastKnownFileType = sourcecode.swift; path = RequestRegistrationCodeView.swift; sourceTree = "<group>"; };
/* End PBXFileReference section */

/* Begin PBXFrameworksBuildPhase section */
		A1566F42280354FB00500F98 /* Frameworks */ = {
			isa = PBXFrameworksBuildPhase;
			buildActionMask = 2147483647;
			files = (
			);
			runOnlyForDeploymentPostprocessing = 0;
		};
		A1566F52280354FD00500F98 /* Frameworks */ = {
			isa = PBXFrameworksBuildPhase;
			buildActionMask = 2147483647;
			files = (
			);
			runOnlyForDeploymentPostprocessing = 0;
		};
		A1566F5C280354FD00500F98 /* Frameworks */ = {
			isa = PBXFrameworksBuildPhase;
			buildActionMask = 2147483647;
			files = (
			);
			runOnlyForDeploymentPostprocessing = 0;
		};
/* End PBXFrameworksBuildPhase section */

/* Begin PBXGroup section */
		A1566F3C280354FB00500F98 = {
			isa = PBXGroup;
			children = (
				A1566F47280354FC00500F98 /* EssentialNavigationApp */,
				A1566F58280354FD00500F98 /* EssentialNavigationAppTests */,
				A1566F62280354FD00500F98 /* EssentialNavigationAppUITests */,
				A1566F46280354FC00500F98 /* Products */,
			);
			sourceTree = "<group>";
		};
		A1566F46280354FC00500F98 /* Products */ = {
			isa = PBXGroup;
			children = (
				A1566F45280354FC00500F98 /* EssentialNavigationApp.app */,
				A1566F55280354FD00500F98 /* EssentialNavigationAppTests.xctest */,
				A1566F5F280354FD00500F98 /* EssentialNavigationAppUITests.xctest */,
			);
			name = Products;
			sourceTree = "<group>";
		};
		A1566F47280354FC00500F98 /* EssentialNavigationApp */ = {
			isa = PBXGroup;
			children = (
				A1566F7228036CFA00500F98 /* Views */,
				A1566F48280354FC00500F98 /* EssentialNavigationAppApp.swift */,
				A1566F4C280354FC00500F98 /* Assets.xcassets */,
				A1566F4E280354FC00500F98 /* Preview Content */,
			);
			path = EssentialNavigationApp;
			sourceTree = "<group>";
		};
		A1566F4E280354FC00500F98 /* Preview Content */ = {
			isa = PBXGroup;
			children = (
				A1566F4F280354FC00500F98 /* Preview Assets.xcassets */,
			);
			path = "Preview Content";
			sourceTree = "<group>";
		};
		A1566F58280354FD00500F98 /* EssentialNavigationAppTests */ = {
			isa = PBXGroup;
			children = (
				A1566F59280354FD00500F98 /* EssentialNavigationAppTests.swift */,
			);
			path = EssentialNavigationAppTests;
			sourceTree = "<group>";
		};
		A1566F62280354FD00500F98 /* EssentialNavigationAppUITests */ = {
			isa = PBXGroup;
			children = (
				A1566F63280354FD00500F98 /* EssentialNavigationAppUITests.swift */,
			);
			path = EssentialNavigationAppUITests;
			sourceTree = "<group>";
		};
		A1566F7228036CFA00500F98 /* Views */ = {
			isa = PBXGroup;
			children = (
				A1566F4A280354FC00500F98 /* ContentView.swift */,
				A1566F7328036D1000500F98 /* InfoView.swift */,
				A1566F7528036FE700500F98 /* KeysListView.swift */,
				A1566F7728036FF900500F98 /* DoorsListView.swift */,
				A1566F792803702D00500F98 /* RegisterView.swift */,
				A1566F7B2803795500500F98 /* SubmitRegistrationCodeView.swift */,
				A1566F7D280380B500500F98 /* RequestRegistrationCodeView.swift */,
			);
			path = Views;
			sourceTree = "<group>";
		};
/* End PBXGroup section */

/* Begin PBXNativeTarget section */
		A1566F44280354FB00500F98 /* EssentialNavigationApp */ = {
			isa = PBXNativeTarget;
			buildConfigurationList = A1566F69280354FD00500F98 /* Build configuration list for PBXNativeTarget "EssentialNavigationApp" */;
			buildPhases = (
				A1566F41280354FB00500F98 /* Sources */,
				A1566F42280354FB00500F98 /* Frameworks */,
				A1566F43280354FB00500F98 /* Resources */,
			);
			buildRules = (
			);
			dependencies = (
			);
			name = EssentialNavigationApp;
			productName = EssentialNavigationApp;
			productReference = A1566F45280354FC00500F98 /* EssentialNavigationApp.app */;
			productType = "com.apple.product-type.application";
		};
		A1566F54280354FD00500F98 /* EssentialNavigationAppTests */ = {
			isa = PBXNativeTarget;
			buildConfigurationList = A1566F6C280354FD00500F98 /* Build configuration list for PBXNativeTarget "EssentialNavigationAppTests" */;
			buildPhases = (
				A1566F51280354FD00500F98 /* Sources */,
				A1566F52280354FD00500F98 /* Frameworks */,
				A1566F53280354FD00500F98 /* Resources */,
			);
			buildRules = (
			);
			dependencies = (
				A1566F57280354FD00500F98 /* PBXTargetDependency */,
			);
			name = EssentialNavigationAppTests;
			productName = EssentialNavigationAppTests;
			productReference = A1566F55280354FD00500F98 /* EssentialNavigationAppTests.xctest */;
			productType = "com.apple.product-type.bundle.unit-test";
		};
		A1566F5E280354FD00500F98 /* EssentialNavigationAppUITests */ = {
			isa = PBXNativeTarget;
			buildConfigurationList = A1566F6F280354FD00500F98 /* Build configuration list for PBXNativeTarget "EssentialNavigationAppUITests" */;
			buildPhases = (
				A1566F5B280354FD00500F98 /* Sources */,
				A1566F5C280354FD00500F98 /* Frameworks */,
				A1566F5D280354FD00500F98 /* Resources */,
			);
			buildRules = (
			);
			dependencies = (
				A1566F61280354FD00500F98 /* PBXTargetDependency */,
			);
			name = EssentialNavigationAppUITests;
			productName = EssentialNavigationAppUITests;
			productReference = A1566F5F280354FD00500F98 /* EssentialNavigationAppUITests.xctest */;
			productType = "com.apple.product-type.bundle.ui-testing";
		};
/* End PBXNativeTarget section */

/* Begin PBXProject section */
		A1566F3D280354FB00500F98 /* Project object */ = {
			isa = PBXProject;
			attributes = {
				BuildIndependentTargetsInParallel = 1;
				LastSwiftUpdateCheck = 1320;
				LastUpgradeCheck = 1320;
				TargetAttributes = {
					A1566F44280354FB00500F98 = {
						CreatedOnToolsVersion = 13.2.1;
					};
					A1566F54280354FD00500F98 = {
						CreatedOnToolsVersion = 13.2.1;
						TestTargetID = A1566F44280354FB00500F98;
					};
					A1566F5E280354FD00500F98 = {
						CreatedOnToolsVersion = 13.2.1;
						TestTargetID = A1566F44280354FB00500F98;
					};
				};
			};
			buildConfigurationList = A1566F40280354FB00500F98 /* Build configuration list for PBXProject "EssentialNavigationApp" */;
			compatibilityVersion = "Xcode 13.0";
			developmentRegion = en;
			hasScannedForEncodings = 0;
			knownRegions = (
				en,
				Base,
			);
			mainGroup = A1566F3C280354FB00500F98;
			productRefGroup = A1566F46280354FC00500F98 /* Products */;
			projectDirPath = "";
			projectRoot = "";
			targets = (
				A1566F44280354FB00500F98 /* EssentialNavigationApp */,
				A1566F54280354FD00500F98 /* EssentialNavigationAppTests */,
				A1566F5E280354FD00500F98 /* EssentialNavigationAppUITests */,
			);
		};
/* End PBXProject section */

/* Begin PBXResourcesBuildPhase section */
		A1566F43280354FB00500F98 /* Resources */ = {
			isa = PBXResourcesBuildPhase;
			buildActionMask = 2147483647;
			files = (
				A1566F50280354FC00500F98 /* Preview Assets.xcassets in Resources */,
				A1566F4D280354FC00500F98 /* Assets.xcassets in Resources */,
			);
			runOnlyForDeploymentPostprocessing = 0;
		};
		A1566F53280354FD00500F98 /* Resources */ = {
			isa = PBXResourcesBuildPhase;
			buildActionMask = 2147483647;
			files = (
			);
			runOnlyForDeploymentPostprocessing = 0;
		};
		A1566F5D280354FD00500F98 /* Resources */ = {
			isa = PBXResourcesBuildPhase;
			buildActionMask = 2147483647;
			files = (
			);
			runOnlyForDeploymentPostprocessing = 0;
		};
/* End PBXResourcesBuildPhase section */

/* Begin PBXSourcesBuildPhase section */
		A1566F41280354FB00500F98 /* Sources */ = {
			isa = PBXSourcesBuildPhase;
			buildActionMask = 2147483647;
			files = (
				A1566F7628036FE700500F98 /* KeysListView.swift in Sources */,
				A1566F4B280354FC00500F98 /* ContentView.swift in Sources */,
				A1566F7E280380B500500F98 /* RequestRegistrationCodeView.swift in Sources */,
				A1566F7C2803795500500F98 /* SubmitRegistrationCodeView.swift in Sources */,
				A1566F7428036D1000500F98 /* InfoView.swift in Sources */,
				A1566F7A2803702D00500F98 /* RegisterView.swift in Sources */,
				A1566F49280354FC00500F98 /* EssentialNavigationAppApp.swift in Sources */,
				A1566F7828036FF900500F98 /* DoorsListView.swift in Sources */,
			);
			runOnlyForDeploymentPostprocessing = 0;
		};
		A1566F51280354FD00500F98 /* Sources */ = {
			isa = PBXSourcesBuildPhase;
			buildActionMask = 2147483647;
			files = (
				A1566F5A280354FD00500F98 /* EssentialNavigationAppTests.swift in Sources */,
			);
			runOnlyForDeploymentPostprocessing = 0;
		};
		A1566F5B280354FD00500F98 /* Sources */ = {
			isa = PBXSourcesBuildPhase;
			buildActionMask = 2147483647;
			files = (
				A1566F64280354FD00500F98 /* EssentialNavigationAppUITests.swift in Sources */,
			);
			runOnlyForDeploymentPostprocessing = 0;
		};
/* End PBXSourcesBuildPhase section */

/* Begin PBXTargetDependency section */
		A1566F57280354FD00500F98 /* PBXTargetDependency */ = {
			isa = PBXTargetDependency;
			target = A1566F44280354FB00500F98 /* EssentialNavigationApp */;
			targetProxy = A1566F56280354FD00500F98 /* PBXContainerItemProxy */;
		};
		A1566F61280354FD00500F98 /* PBXTargetDependency */ = {
			isa = PBXTargetDependency;
			target = A1566F44280354FB00500F98 /* EssentialNavigationApp */;
			targetProxy = A1566F60280354FD00500F98 /* PBXContainerItemProxy */;
		};
/* End PBXTargetDependency section */

/* Begin XCBuildConfiguration section */
		A1566F67280354FD00500F98 /* Debug */ = {
			isa = XCBuildConfiguration;
			buildSettings = {
				ALWAYS_SEARCH_USER_PATHS = NO;
				CLANG_ANALYZER_NONNULL = YES;
				CLANG_ANALYZER_NUMBER_OBJECT_CONVERSION = YES_AGGRESSIVE;
				CLANG_CXX_LANGUAGE_STANDARD = "gnu++17";
				CLANG_CXX_LIBRARY = "libc++";
				CLANG_ENABLE_MODULES = YES;
				CLANG_ENABLE_OBJC_ARC = YES;
				CLANG_ENABLE_OBJC_WEAK = YES;
				CLANG_WARN_BLOCK_CAPTURE_AUTORELEASING = YES;
				CLANG_WARN_BOOL_CONVERSION = YES;
				CLANG_WARN_COMMA = YES;
				CLANG_WARN_CONSTANT_CONVERSION = YES;
				CLANG_WARN_DEPRECATED_OBJC_IMPLEMENTATIONS = YES;
				CLANG_WARN_DIRECT_OBJC_ISA_USAGE = YES_ERROR;
				CLANG_WARN_DOCUMENTATION_COMMENTS = YES;
				CLANG_WARN_EMPTY_BODY = YES;
				CLANG_WARN_ENUM_CONVERSION = YES;
				CLANG_WARN_INFINITE_RECURSION = YES;
				CLANG_WARN_INT_CONVERSION = YES;
				CLANG_WARN_NON_LITERAL_NULL_CONVERSION = YES;
				CLANG_WARN_OBJC_IMPLICIT_RETAIN_SELF = YES;
				CLANG_WARN_OBJC_LITERAL_CONVERSION = YES;
				CLANG_WARN_OBJC_ROOT_CLASS = YES_ERROR;
				CLANG_WARN_QUOTED_INCLUDE_IN_FRAMEWORK_HEADER = YES;
				CLANG_WARN_RANGE_LOOP_ANALYSIS = YES;
				CLANG_WARN_STRICT_PROTOTYPES = YES;
				CLANG_WARN_SUSPICIOUS_MOVE = YES;
				CLANG_WARN_UNGUARDED_AVAILABILITY = YES_AGGRESSIVE;
				CLANG_WARN_UNREACHABLE_CODE = YES;
				CLANG_WARN__DUPLICATE_METHOD_MATCH = YES;
				COPY_PHASE_STRIP = NO;
				DEBUG_INFORMATION_FORMAT = dwarf;
				ENABLE_STRICT_OBJC_MSGSEND = YES;
				ENABLE_TESTABILITY = YES;
				GCC_C_LANGUAGE_STANDARD = gnu11;
				GCC_DYNAMIC_NO_PIC = NO;
				GCC_NO_COMMON_BLOCKS = YES;
				GCC_OPTIMIZATION_LEVEL = 0;
				GCC_PREPROCESSOR_DEFINITIONS = (
					"DEBUG=1",
					"$(inherited)",
				);
				GCC_WARN_64_TO_32_BIT_CONVERSION = YES;
				GCC_WARN_ABOUT_RETURN_TYPE = YES_ERROR;
				GCC_WARN_UNDECLARED_SELECTOR = YES;
				GCC_WARN_UNINITIALIZED_AUTOS = YES_AGGRESSIVE;
				GCC_WARN_UNUSED_FUNCTION = YES;
				GCC_WARN_UNUSED_VARIABLE = YES;
				IPHONEOS_DEPLOYMENT_TARGET = 15.2;
				MTL_ENABLE_DEBUG_INFO = INCLUDE_SOURCE;
				MTL_FAST_MATH = YES;
				ONLY_ACTIVE_ARCH = YES;
				SDKROOT = iphoneos;
				SWIFT_ACTIVE_COMPILATION_CONDITIONS = DEBUG;
				SWIFT_OPTIMIZATION_LEVEL = "-Onone";
			};
			name = Debug;
		};
		A1566F68280354FD00500F98 /* Release */ = {
			isa = XCBuildConfiguration;
			buildSettings = {
				ALWAYS_SEARCH_USER_PATHS = NO;
				CLANG_ANALYZER_NONNULL = YES;
				CLANG_ANALYZER_NUMBER_OBJECT_CONVERSION = YES_AGGRESSIVE;
				CLANG_CXX_LANGUAGE_STANDARD = "gnu++17";
				CLANG_CXX_LIBRARY = "libc++";
				CLANG_ENABLE_MODULES = YES;
				CLANG_ENABLE_OBJC_ARC = YES;
				CLANG_ENABLE_OBJC_WEAK = YES;
				CLANG_WARN_BLOCK_CAPTURE_AUTORELEASING = YES;
				CLANG_WARN_BOOL_CONVERSION = YES;
				CLANG_WARN_COMMA = YES;
				CLANG_WARN_CONSTANT_CONVERSION = YES;
				CLANG_WARN_DEPRECATED_OBJC_IMPLEMENTATIONS = YES;
				CLANG_WARN_DIRECT_OBJC_ISA_USAGE = YES_ERROR;
				CLANG_WARN_DOCUMENTATION_COMMENTS = YES;
				CLANG_WARN_EMPTY_BODY = YES;
				CLANG_WARN_ENUM_CONVERSION = YES;
				CLANG_WARN_INFINITE_RECURSION = YES;
				CLANG_WARN_INT_CONVERSION = YES;
				CLANG_WARN_NON_LITERAL_NULL_CONVERSION = YES;
				CLANG_WARN_OBJC_IMPLICIT_RETAIN_SELF = YES;
				CLANG_WARN_OBJC_LITERAL_CONVERSION = YES;
				CLANG_WARN_OBJC_ROOT_CLASS = YES_ERROR;
				CLANG_WARN_QUOTED_INCLUDE_IN_FRAMEWORK_HEADER = YES;
				CLANG_WARN_RANGE_LOOP_ANALYSIS = YES;
				CLANG_WARN_STRICT_PROTOTYPES = YES;
				CLANG_WARN_SUSPICIOUS_MOVE = YES;
				CLANG_WARN_UNGUARDED_AVAILABILITY = YES_AGGRESSIVE;
				CLANG_WARN_UNREACHABLE_CODE = YES;
				CLANG_WARN__DUPLICATE_METHOD_MATCH = YES;
				COPY_PHASE_STRIP = NO;
				DEBUG_INFORMATION_FORMAT = "dwarf-with-dsym";
				ENABLE_NS_ASSERTIONS = NO;
				ENABLE_STRICT_OBJC_MSGSEND = YES;
				GCC_C_LANGUAGE_STANDARD = gnu11;
				GCC_NO_COMMON_BLOCKS = YES;
				GCC_WARN_64_TO_32_BIT_CONVERSION = YES;
				GCC_WARN_ABOUT_RETURN_TYPE = YES_ERROR;
				GCC_WARN_UNDECLARED_SELECTOR = YES;
				GCC_WARN_UNINITIALIZED_AUTOS = YES_AGGRESSIVE;
				GCC_WARN_UNUSED_FUNCTION = YES;
				GCC_WARN_UNUSED_VARIABLE = YES;
				IPHONEOS_DEPLOYMENT_TARGET = 15.2;
				MTL_ENABLE_DEBUG_INFO = NO;
				MTL_FAST_MATH = YES;
				SDKROOT = iphoneos;
				SWIFT_COMPILATION_MODE = wholemodule;
				SWIFT_OPTIMIZATION_LEVEL = "-O";
				VALIDATE_PRODUCT = YES;
			};
			name = Release;
		};
		A1566F6A280354FD00500F98 /* Debug */ = {
			isa = XCBuildConfiguration;
			buildSettings = {
				ASSETCATALOG_COMPILER_APPICON_NAME = AppIcon;
				ASSETCATALOG_COMPILER_GLOBAL_ACCENT_COLOR_NAME = AccentColor;
				CODE_SIGN_STYLE = Automatic;
				CURRENT_PROJECT_VERSION = 1;
				DEVELOPMENT_ASSET_PATHS = "\"EssentialNavigationApp/Preview Content\"";
				DEVELOPMENT_TEAM = 48BN95P8F8;
				ENABLE_PREVIEWS = YES;
				GENERATE_INFOPLIST_FILE = YES;
				INFOPLIST_KEY_UIApplicationSceneManifest_Generation = YES;
				INFOPLIST_KEY_UIApplicationSupportsIndirectInputEvents = YES;
				INFOPLIST_KEY_UILaunchScreen_Generation = YES;
				INFOPLIST_KEY_UISupportedInterfaceOrientations_iPad = "UIInterfaceOrientationPortrait UIInterfaceOrientationPortraitUpsideDown UIInterfaceOrientationLandscapeLeft UIInterfaceOrientationLandscapeRight";
				INFOPLIST_KEY_UISupportedInterfaceOrientations_iPhone = "UIInterfaceOrientationPortrait UIInterfaceOrientationLandscapeLeft UIInterfaceOrientationLandscapeRight";
				LD_RUNPATH_SEARCH_PATHS = (
					"$(inherited)",
					"@executable_path/Frameworks",
				);
				MARKETING_VERSION = 1.0;
				PRODUCT_BUNDLE_IDENTIFIER = io.github.andybezaire.essentialdeveloper.EssentialNavigationApp;
				PRODUCT_NAME = "$(TARGET_NAME)";
				SWIFT_EMIT_LOC_STRINGS = YES;
				SWIFT_VERSION = 5.0;
				TARGETED_DEVICE_FAMILY = "1,2";
			};
			name = Debug;
		};
		A1566F6B280354FD00500F98 /* Release */ = {
			isa = XCBuildConfiguration;
			buildSettings = {
				ASSETCATALOG_COMPILER_APPICON_NAME = AppIcon;
				ASSETCATALOG_COMPILER_GLOBAL_ACCENT_COLOR_NAME = AccentColor;
				CODE_SIGN_STYLE = Automatic;
				CURRENT_PROJECT_VERSION = 1;
				DEVELOPMENT_ASSET_PATHS = "\"EssentialNavigationApp/Preview Content\"";
				DEVELOPMENT_TEAM = 48BN95P8F8;
				ENABLE_PREVIEWS = YES;
				GENERATE_INFOPLIST_FILE = YES;
				INFOPLIST_KEY_UIApplicationSceneManifest_Generation = YES;
				INFOPLIST_KEY_UIApplicationSupportsIndirectInputEvents = YES;
				INFOPLIST_KEY_UILaunchScreen_Generation = YES;
				INFOPLIST_KEY_UISupportedInterfaceOrientations_iPad = "UIInterfaceOrientationPortrait UIInterfaceOrientationPortraitUpsideDown UIInterfaceOrientationLandscapeLeft UIInterfaceOrientationLandscapeRight";
				INFOPLIST_KEY_UISupportedInterfaceOrientations_iPhone = "UIInterfaceOrientationPortrait UIInterfaceOrientationLandscapeLeft UIInterfaceOrientationLandscapeRight";
				LD_RUNPATH_SEARCH_PATHS = (
					"$(inherited)",
					"@executable_path/Frameworks",
				);
				MARKETING_VERSION = 1.0;
				PRODUCT_BUNDLE_IDENTIFIER = io.github.andybezaire.essentialdeveloper.EssentialNavigationApp;
				PRODUCT_NAME = "$(TARGET_NAME)";
				SWIFT_EMIT_LOC_STRINGS = YES;
				SWIFT_VERSION = 5.0;
				TARGETED_DEVICE_FAMILY = "1,2";
			};
			name = Release;
		};
		A1566F6D280354FD00500F98 /* Debug */ = {
			isa = XCBuildConfiguration;
			buildSettings = {
				ALWAYS_EMBED_SWIFT_STANDARD_LIBRARIES = YES;
				BUNDLE_LOADER = "$(TEST_HOST)";
				CODE_SIGN_STYLE = Automatic;
				CURRENT_PROJECT_VERSION = 1;
				DEVELOPMENT_TEAM = 48BN95P8F8;
				GENERATE_INFOPLIST_FILE = YES;
				IPHONEOS_DEPLOYMENT_TARGET = 15.2;
				MARKETING_VERSION = 1.0;
				PRODUCT_BUNDLE_IDENTIFIER = io.github.andybezaire.essentialdeveloper.EssentialNavigationAppTests;
				PRODUCT_NAME = "$(TARGET_NAME)";
				SWIFT_EMIT_LOC_STRINGS = NO;
				SWIFT_VERSION = 5.0;
				TARGETED_DEVICE_FAMILY = "1,2";
				TEST_HOST = "$(BUILT_PRODUCTS_DIR)/EssentialNavigationApp.app/EssentialNavigationApp";
			};
			name = Debug;
		};
		A1566F6E280354FD00500F98 /* Release */ = {
			isa = XCBuildConfiguration;
			buildSettings = {
				ALWAYS_EMBED_SWIFT_STANDARD_LIBRARIES = YES;
				BUNDLE_LOADER = "$(TEST_HOST)";
				CODE_SIGN_STYLE = Automatic;
				CURRENT_PROJECT_VERSION = 1;
				DEVELOPMENT_TEAM = 48BN95P8F8;
				GENERATE_INFOPLIST_FILE = YES;
				IPHONEOS_DEPLOYMENT_TARGET = 15.2;
				MARKETING_VERSION = 1.0;
				PRODUCT_BUNDLE_IDENTIFIER = io.github.andybezaire.essentialdeveloper.EssentialNavigationAppTests;
				PRODUCT_NAME = "$(TARGET_NAME)";
				SWIFT_EMIT_LOC_STRINGS = NO;
				SWIFT_VERSION = 5.0;
				TARGETED_DEVICE_FAMILY = "1,2";
				TEST_HOST = "$(BUILT_PRODUCTS_DIR)/EssentialNavigationApp.app/EssentialNavigationApp";
			};
			name = Release;
		};
		A1566F70280354FD00500F98 /* Debug */ = {
			isa = XCBuildConfiguration;
			buildSettings = {
				ALWAYS_EMBED_SWIFT_STANDARD_LIBRARIES = YES;
				CODE_SIGN_STYLE = Automatic;
				CURRENT_PROJECT_VERSION = 1;
				DEVELOPMENT_TEAM = 48BN95P8F8;
				GENERATE_INFOPLIST_FILE = YES;
				MARKETING_VERSION = 1.0;
				PRODUCT_BUNDLE_IDENTIFIER = io.github.andybezaire.essentialdeveloper.EssentialNavigationAppUITests;
				PRODUCT_NAME = "$(TARGET_NAME)";
				SWIFT_EMIT_LOC_STRINGS = NO;
				SWIFT_VERSION = 5.0;
				TARGETED_DEVICE_FAMILY = "1,2";
				TEST_TARGET_NAME = EssentialNavigationApp;
			};
			name = Debug;
		};
		A1566F71280354FD00500F98 /* Release */ = {
			isa = XCBuildConfiguration;
			buildSettings = {
				ALWAYS_EMBED_SWIFT_STANDARD_LIBRARIES = YES;
				CODE_SIGN_STYLE = Automatic;
				CURRENT_PROJECT_VERSION = 1;
				DEVELOPMENT_TEAM = 48BN95P8F8;
				GENERATE_INFOPLIST_FILE = YES;
				MARKETING_VERSION = 1.0;
				PRODUCT_BUNDLE_IDENTIFIER = io.github.andybezaire.essentialdeveloper.EssentialNavigationAppUITests;
				PRODUCT_NAME = "$(TARGET_NAME)";
				SWIFT_EMIT_LOC_STRINGS = NO;
				SWIFT_VERSION = 5.0;
				TARGETED_DEVICE_FAMILY = "1,2";
				TEST_TARGET_NAME = EssentialNavigationApp;
			};
			name = Release;
		};
/* End XCBuildConfiguration section */

/* Begin XCConfigurationList section */
		A1566F40280354FB00500F98 /* Build configuration list for PBXProject "EssentialNavigationApp" */ = {
			isa = XCConfigurationList;
			buildConfigurations = (
				A1566F67280354FD00500F98 /* Debug */,
				A1566F68280354FD00500F98 /* Release */,
			);
			defaultConfigurationIsVisible = 0;
			defaultConfigurationName = Release;
		};
		A1566F69280354FD00500F98 /* Build configuration list for PBXNativeTarget "EssentialNavigationApp" */ = {
			isa = XCConfigurationList;
			buildConfigurations = (
				A1566F6A280354FD00500F98 /* Debug */,
				A1566F6B280354FD00500F98 /* Release */,
			);
			defaultConfigurationIsVisible = 0;
			defaultConfigurationName = Release;
		};
		A1566F6C280354FD00500F98 /* Build configuration list for PBXNativeTarget "EssentialNavigationAppTests" */ = {
			isa = XCConfigurationList;
			buildConfigurations = (
				A1566F6D280354FD00500F98 /* Debug */,
				A1566F6E280354FD00500F98 /* Release */,
			);
			defaultConfigurationIsVisible = 0;
			defaultConfigurationName = Release;
		};
		A1566F6F280354FD00500F98 /* Build configuration list for PBXNativeTarget "EssentialNavigationAppUITests" */ = {
			isa = XCConfigurationList;
			buildConfigurations = (
				A1566F70280354FD00500F98 /* Debug */,
				A1566F71280354FD00500F98 /* Release */,
			);
			defaultConfigurationIsVisible = 0;
			defaultConfigurationName = Release;
		};
/* End XCConfigurationList section */
	};
	rootObject = A1566F3D280354FB00500F98 /* Project object */;
}
